// !$*UTF8*$!
{
	archiveVersion = 1;
	classes = {
	};
	objectVersion = 52;
	objects = {

/* Begin PBXBuildFile section */
		D959252D25851FDC0088EEF2 /* AccountViewMerinoExampleApp.swift in Sources */ = {isa = PBXBuildFile; fileRef = D959252C25851FDC0088EEF2 /* AccountViewMerinoExampleApp.swift */; };
		D959252F25851FDC0088EEF2 /* ContentView.swift in Sources */ = {isa = PBXBuildFile; fileRef = D959252E25851FDC0088EEF2 /* ContentView.swift */; };
		D959253125851FDC0088EEF2 /* Assets.xcassets in Resources */ = {isa = PBXBuildFile; fileRef = D959253025851FDC0088EEF2 /* Assets.xcassets */; };
		D959253425851FDC0088EEF2 /* Preview Assets.xcassets in Resources */ = {isa = PBXBuildFile; fileRef = D959253325851FDC0088EEF2 /* Preview Assets.xcassets */; };
		D9592541258520590088EEF2 /* AccountViewMerino in Resources */ = {isa = PBXBuildFile; fileRef = D9592540258520590088EEF2 /* AccountViewMerino */; };
		D95925442585206D0088EEF2 /* AccountViewMerino in Frameworks */ = {isa = PBXBuildFile; productRef = D95925432585206D0088EEF2 /* AccountViewMerino */; };
/* End PBXBuildFile section */

/* Begin PBXFileReference section */
		D959252925851FDC0088EEF2 /* AccountViewMerinoExample.app */ = {isa = PBXFileReference; explicitFileType = wrapper.application; includeInIndex = 0; path = AccountViewMerinoExample.app; sourceTree = BUILT_PRODUCTS_DIR; };
		D959252C25851FDC0088EEF2 /* AccountViewMerinoExampleApp.swift */ = {isa = PBXFileReference; lastKnownFileType = sourcecode.swift; path = AccountViewMerinoExampleApp.swift; sourceTree = "<group>"; };
		D959252E25851FDC0088EEF2 /* ContentView.swift */ = {isa = PBXFileReference; lastKnownFileType = sourcecode.swift; path = ContentView.swift; sourceTree = "<group>"; };
		D959253025851FDC0088EEF2 /* Assets.xcassets */ = {isa = PBXFileReference; lastKnownFileType = folder.assetcatalog; path = Assets.xcassets; sourceTree = "<group>"; };
		D959253325851FDC0088EEF2 /* Preview Assets.xcassets */ = {isa = PBXFileReference; lastKnownFileType = folder.assetcatalog; path = "Preview Assets.xcassets"; sourceTree = "<group>"; };
		D959253525851FDC0088EEF2 /* Info.plist */ = {isa = PBXFileReference; lastKnownFileType = text.plist.xml; path = Info.plist; sourceTree = "<group>"; };
		D959253D258520100088EEF2 /* AccountViewMerino */ = {isa = PBXFileReference; lastKnownFileType = folder; name = AccountViewMerino; path = ../AccountViewMerino; sourceTree = "<group>"; };
		D9592540258520590088EEF2 /* AccountViewMerino */ = {isa = PBXFileReference; lastKnownFileType = folder; path = AccountViewMerino; sourceTree = "<group>"; };
/* End PBXFileReference section */

/* Begin PBXFrameworksBuildPhase section */
		D959252625851FDC0088EEF2 /* Frameworks */ = {
			isa = PBXFrameworksBuildPhase;
			buildActionMask = 2147483647;
			files = (
				D95925442585206D0088EEF2 /* AccountViewMerino in Frameworks */,
			);
			runOnlyForDeploymentPostprocessing = 0;
		};
/* End PBXFrameworksBuildPhase section */

/* Begin PBXGroup section */
		D959252025851FDC0088EEF2 = {
			isa = PBXGroup;
			children = (
				D9592540258520590088EEF2 /* AccountViewMerino */,
				D959252B25851FDC0088EEF2 /* AccountViewMerinoExample */,
				D959252A25851FDC0088EEF2 /* Products */,
				D959253C258520100088EEF2 /* Frameworks */,
			);
			sourceTree = "<group>";
		};
		D959252A25851FDC0088EEF2 /* Products */ = {
			isa = PBXGroup;
			children = (
				D959252925851FDC0088EEF2 /* AccountViewMerinoExample.app */,
			);
			name = Products;
			sourceTree = "<group>";
		};
		D959252B25851FDC0088EEF2 /* AccountViewMerinoExample */ = {
			isa = PBXGroup;
			children = (
				D959252C25851FDC0088EEF2 /* AccountViewMerinoExampleApp.swift */,
				D959252E25851FDC0088EEF2 /* ContentView.swift */,
				D959253025851FDC0088EEF2 /* Assets.xcassets */,
				D959253525851FDC0088EEF2 /* Info.plist */,
				D959253225851FDC0088EEF2 /* Preview Content */,
			);
			path = AccountViewMerinoExample;
			sourceTree = "<group>";
		};
		D959253225851FDC0088EEF2 /* Preview Content */ = {
			isa = PBXGroup;
			children = (
				D959253325851FDC0088EEF2 /* Preview Assets.xcassets */,
			);
			path = "Preview Content";
			sourceTree = "<group>";
		};
		D959253C258520100088EEF2 /* Frameworks */ = {
			isa = PBXGroup;
			children = (
				D959253D258520100088EEF2 /* AccountViewMerino */,
			);
			name = Frameworks;
			sourceTree = "<group>";
		};
/* End PBXGroup section */

/* Begin PBXNativeTarget section */
		D959252825851FDC0088EEF2 /* AccountViewMerinoExample */ = {
			isa = PBXNativeTarget;
			buildConfigurationList = D959253825851FDC0088EEF2 /* Build configuration list for PBXNativeTarget "AccountViewMerinoExample" */;
			buildPhases = (
				D959252525851FDC0088EEF2 /* Sources */,
				D959252625851FDC0088EEF2 /* Frameworks */,
				D959252725851FDC0088EEF2 /* Resources */,
			);
			buildRules = (
			);
			dependencies = (
			);
			name = AccountViewMerinoExample;
			packageProductDependencies = (
				D95925432585206D0088EEF2 /* AccountViewMerino */,
			);
			productName = AccountViewMerinoExample;
			productReference = D959252925851FDC0088EEF2 /* AccountViewMerinoExample.app */;
			productType = "com.apple.product-type.application";
		};
/* End PBXNativeTarget section */

/* Begin PBXProject section */
		D959252125851FDC0088EEF2 /* Project object */ = {
			isa = PBXProject;
			attributes = {
				LastSwiftUpdateCheck = 1220;
				LastUpgradeCheck = 1220;
				TargetAttributes = {
					D959252825851FDC0088EEF2 = {
						CreatedOnToolsVersion = 12.2;
					};
				};
			};
			buildConfigurationList = D959252425851FDC0088EEF2 /* Build configuration list for PBXProject "AccountViewMerinoExample" */;
			compatibilityVersion = "Xcode 9.3";
			developmentRegion = en;
			hasScannedForEncodings = 0;
			knownRegions = (
				en,
				Base,
			);
			mainGroup = D959252025851FDC0088EEF2;
			productRefGroup = D959252A25851FDC0088EEF2 /* Products */;
			projectDirPath = "";
			projectRoot = "";
			targets = (
				D959252825851FDC0088EEF2 /* AccountViewMerinoExample */,
			);
		};
/* End PBXProject section */

/* Begin PBXResourcesBuildPhase section */
		D959252725851FDC0088EEF2 /* Resources */ = {
			isa = PBXResourcesBuildPhase;
			buildActionMask = 2147483647;
			files = (
				D9592541258520590088EEF2 /* AccountViewMerino in Resources */,
				D959253425851FDC0088EEF2 /* Preview Assets.xcassets in Resources */,
				D959253125851FDC0088EEF2 /* Assets.xcassets in Resources */,
			);
			runOnlyForDeploymentPostprocessing = 0;
		};
/* End PBXResourcesBuildPhase section */

/* Begin PBXSourcesBuildPhase section */
		D959252525851FDC0088EEF2 /* Sources */ = {
			isa = PBXSourcesBuildPhase;
			buildActionMask = 2147483647;
			files = (
				D959252F25851FDC0088EEF2 /* ContentView.swift in Sources */,
				D959252D25851FDC0088EEF2 /* AccountViewMerinoExampleApp.swift in Sources */,
			);
			runOnlyForDeploymentPostprocessing = 0;
		};
/* End PBXSourcesBuildPhase section */

/* Begin XCBuildConfiguration section */
		D959253625851FDC0088EEF2 /* Debug */ = {
			isa = XCBuildConfiguration;
			buildSettings = {
				ALWAYS_SEARCH_USER_PATHS = NO;
				CLANG_ANALYZER_NONNULL = YES;
				CLANG_ANALYZER_NUMBER_OBJECT_CONVERSION = YES_AGGRESSIVE;
				CLANG_CXX_LANGUAGE_STANDARD = "gnu++14";
				CLANG_CXX_LIBRARY = "libc++";
				CLANG_ENABLE_MODULES = YES;
				CLANG_ENABLE_OBJC_ARC = YES;
				CLANG_ENABLE_OBJC_WEAK = YES;
				CLANG_WARN_BLOCK_CAPTURE_AUTORELEASING = YES;
				CLANG_WARN_BOOL_CONVERSION = YES;
				CLANG_WARN_COMMA = YES;
				CLANG_WARN_CONSTANT_CONVERSION = YES;
				CLANG_WARN_DEPRECATED_OBJC_IMPLEMENTATIONS = YES;
				CLANG_WARN_DIRECT_OBJC_ISA_USAGE = YES_ERROR;
				CLANG_WARN_DOCUMENTATION_COMMENTS = YES;
				CLANG_WARN_EMPTY_BODY = YES;
				CLANG_WARN_ENUM_CONVERSION = YES;
				CLANG_WARN_INFINITE_RECURSION = YES;
				CLANG_WARN_INT_CONVERSION = YES;
				CLANG_WARN_NON_LITERAL_NULL_CONVERSION = YES;
				CLANG_WARN_OBJC_IMPLICIT_RETAIN_SELF = YES;
				CLANG_WARN_OBJC_LITERAL_CONVERSION = YES;
				CLANG_WARN_OBJC_ROOT_CLASS = YES_ERROR;
				CLANG_WARN_QUOTED_INCLUDE_IN_FRAMEWORK_HEADER = YES;
				CLANG_WARN_RANGE_LOOP_ANALYSIS = YES;
				CLANG_WARN_STRICT_PROTOTYPES = YES;
				CLANG_WARN_SUSPICIOUS_MOVE = YES;
				CLANG_WARN_UNGUARDED_AVAILABILITY = YES_AGGRESSIVE;
				CLANG_WARN_UNREACHABLE_CODE = YES;
				CLANG_WARN__DUPLICATE_METHOD_MATCH = YES;
				COPY_PHASE_STRIP = NO;
				DEBUG_INFORMATION_FORMAT = dwarf;
				ENABLE_STRICT_OBJC_MSGSEND = YES;
				ENABLE_TESTABILITY = YES;
				GCC_C_LANGUAGE_STANDARD = gnu11;
				GCC_DYNAMIC_NO_PIC = NO;
				GCC_NO_COMMON_BLOCKS = YES;
				GCC_OPTIMIZATION_LEVEL = 0;
				GCC_PREPROCESSOR_DEFINITIONS = (
					"DEBUG=1",
					"$(inherited)",
				);
				GCC_WARN_64_TO_32_BIT_CONVERSION = YES;
				GCC_WARN_ABOUT_RETURN_TYPE = YES_ERROR;
				GCC_WARN_UNDECLARED_SELECTOR = YES;
				GCC_WARN_UNINITIALIZED_AUTOS = YES_AGGRESSIVE;
				GCC_WARN_UNUSED_FUNCTION = YES;
				GCC_WARN_UNUSED_VARIABLE = YES;
				IPHONEOS_DEPLOYMENT_TARGET = 14.2;
				MTL_ENABLE_DEBUG_INFO = INCLUDE_SOURCE;
				MTL_FAST_MATH = YES;
				ONLY_ACTIVE_ARCH = YES;
				SDKROOT = iphoneos;
				SWIFT_ACTIVE_COMPILATION_CONDITIONS = DEBUG;
				SWIFT_OPTIMIZATION_LEVEL = "-Onone";
			};
			name = Debug;
		};
		D959253725851FDC0088EEF2 /* Release */ = {
			isa = XCBuildConfiguration;
			buildSettings = {
				ALWAYS_SEARCH_USER_PATHS = NO;
				CLANG_ANALYZER_NONNULL = YES;
				CLANG_ANALYZER_NUMBER_OBJECT_CONVERSION = YES_AGGRESSIVE;
				CLANG_CXX_LANGUAGE_STANDARD = "gnu++14";
				CLANG_CXX_LIBRARY = "libc++";
				CLANG_ENABLE_MODULES = YES;
				CLANG_ENABLE_OBJC_ARC = YES;
				CLANG_ENABLE_OBJC_WEAK = YES;
				CLANG_WARN_BLOCK_CAPTURE_AUTORELEASING = YES;
				CLANG_WARN_BOOL_CONVERSION = YES;
				CLANG_WARN_COMMA = YES;
				CLANG_WARN_CONSTANT_CONVERSION = YES;
				CLANG_WARN_DEPRECATED_OBJC_IMPLEMENTATIONS = YES;
				CLANG_WARN_DIRECT_OBJC_ISA_USAGE = YES_ERROR;
				CLANG_WARN_DOCUMENTATION_COMMENTS = YES;
				CLANG_WARN_EMPTY_BODY = YES;
				CLANG_WARN_ENUM_CONVERSION = YES;
				CLANG_WARN_INFINITE_RECURSION = YES;
				CLANG_WARN_INT_CONVERSION = YES;
				CLANG_WARN_NON_LITERAL_NULL_CONVERSION = YES;
				CLANG_WARN_OBJC_IMPLICIT_RETAIN_SELF = YES;
				CLANG_WARN_OBJC_LITERAL_CONVERSION = YES;
				CLANG_WARN_OBJC_ROOT_CLASS = YES_ERROR;
				CLANG_WARN_QUOTED_INCLUDE_IN_FRAMEWORK_HEADER = YES;
				CLANG_WARN_RANGE_LOOP_ANALYSIS = YES;
				CLANG_WARN_STRICT_PROTOTYPES = YES;
				CLANG_WARN_SUSPICIOUS_MOVE = YES;
				CLANG_WARN_UNGUARDED_AVAILABILITY = YES_AGGRESSIVE;
				CLANG_WARN_UNREACHABLE_CODE = YES;
				CLANG_WARN__DUPLICATE_METHOD_MATCH = YES;
				COPY_PHASE_STRIP = NO;
				DEBUG_INFORMATION_FORMAT = "dwarf-with-dsym";
				ENABLE_NS_ASSERTIONS = NO;
				ENABLE_STRICT_OBJC_MSGSEND = YES;
				GCC_C_LANGUAGE_STANDARD = gnu11;
				GCC_NO_COMMON_BLOCKS = YES;
				GCC_WARN_64_TO_32_BIT_CONVERSION = YES;
				GCC_WARN_ABOUT_RETURN_TYPE = YES_ERROR;
				GCC_WARN_UNDECLARED_SELECTOR = YES;
				GCC_WARN_UNINITIALIZED_AUTOS = YES_AGGRESSIVE;
				GCC_WARN_UNUSED_FUNCTION = YES;
				GCC_WARN_UNUSED_VARIABLE = YES;
				IPHONEOS_DEPLOYMENT_TARGET = 14.2;
				MTL_ENABLE_DEBUG_INFO = NO;
				MTL_FAST_MATH = YES;
				SDKROOT = iphoneos;
				SWIFT_COMPILATION_MODE = wholemodule;
				SWIFT_OPTIMIZATION_LEVEL = "-O";
				VALIDATE_PRODUCT = YES;
			};
			name = Release;
		};
		D959253925851FDC0088EEF2 /* Debug */ = {
			isa = XCBuildConfiguration;
			buildSettings = {
				ASSETCATALOG_COMPILER_APPICON_NAME = AppIcon;
				ASSETCATALOG_COMPILER_GLOBAL_ACCENT_COLOR_NAME = AccentColor;
				CODE_SIGN_STYLE = Automatic;
				DEVELOPMENT_ASSET_PATHS = "\"AccountViewMerinoExample/Preview Content\"";
				DEVELOPMENT_TEAM = 4ELWDR5UH8;
				ENABLE_PREVIEWS = YES;
				INFOPLIST_FILE = AccountViewMerinoExample/Info.plist;
				IPHONEOS_DEPLOYMENT_TARGET = 14.0;
				LD_RUNPATH_SEARCH_PATHS = (
					"$(inherited)",
					"@executable_path/Frameworks",
				);
				PRODUCT_BUNDLE_IDENTIFIER = pt.hellojussy.AccountViewMerinoExample;
				PRODUCT_NAME = "$(TARGET_NAME)";
				SWIFT_VERSION = 5.0;
				TARGETED_DEVICE_FAMILY = "1,2";
			};
			name = Debug;
		};
		D959253A25851FDC0088EEF2 /* Release */ = {
			isa = XCBuildConfiguration;
			buildSettings = {
				ASSETCATALOG_COMPILER_APPICON_NAME = AppIcon;
				ASSETCATALOG_COMPILER_GLOBAL_ACCENT_COLOR_NAME = AccentColor;
				CODE_SIGN_STYLE = Automatic;
				DEVELOPMENT_ASSET_PATHS = "\"AccountViewMerinoExample/Preview Content\"";
				DEVELOPMENT_TEAM = 4ELWDR5UH8;
				ENABLE_PREVIEWS = YES;
				INFOPLIST_FILE = AccountViewMerinoExample/Info.plist;
				IPHONEOS_DEPLOYMENT_TARGET = 14.0;
				LD_RUNPATH_SEARCH_PATHS = (
					"$(inherited)",
					"@executable_path/Frameworks",
				);
				PRODUCT_BUNDLE_IDENTIFIER = pt.hellojussy.AccountViewMerinoExample;
				PRODUCT_NAME = "$(TARGET_NAME)";
				SWIFT_VERSION = 5.0;
				TARGETED_DEVICE_FAMILY = "1,2";
			};
			name = Release;
		};
/* End XCBuildConfiguration section */

/* Begin XCConfigurationList section */
		D959252425851FDC0088EEF2 /* Build configuration list for PBXProject "AccountViewMerinoExample" */ = {
			isa = XCConfigurationList;
			buildConfigurations = (
				D959253625851FDC0088EEF2 /* Debug */,
				D959253725851FDC0088EEF2 /* Release */,
			);
			defaultConfigurationIsVisible = 0;
			defaultConfigurationName = Release;
		};
		D959253825851FDC0088EEF2 /* Build configuration list for PBXNativeTarget "AccountViewMerinoExample" */ = {
			isa = XCConfigurationList;
			buildConfigurations = (
				D959253925851FDC0088EEF2 /* Debug */,
				D959253A25851FDC0088EEF2 /* Release */,
			);
			defaultConfigurationIsVisible = 0;
			defaultConfigurationName = Release;
		};
/* End XCConfigurationList section */

/* Begin XCSwiftPackageProductDependency section */
		D95925432585206D0088EEF2 /* AccountViewMerino */ = {
			isa = XCSwiftPackageProductDependency;
			productName = AccountViewMerino;
		};
/* End XCSwiftPackageProductDependency section */
	};
	rootObject = D959252125851FDC0088EEF2 /* Project object */;
}
